
Microsoft Visual Studio Solution File, Format Version 12.00
# Visual Studio Version 16
VisualStudioVersion = 16.0.29215.179
MinimumVisualStudioVersion = 10.0.40219.1
Project("{FAE04EC0-301F-11D3-BF4B-00C04F79EFBC}") = "FunctionGraphics", "FunctionGraphics\FunctionGraphics.csproj", "{FC91C563-C880-490E-9828-C242E589B340}"
EndProject
Global
	GlobalSection(SolutionConfigurationPlatforms) = preSolution
		Debug|Any CPU = Debug|Any CPU
		Release|Any CPU = Release|Any CPU
	EndGlobalSection
	GlobalSection(ProjectConfigurationPlatforms) = postSolution
		{FC91C563-C880-490E-9828-C242E589B340}.Debug|Any CPU.ActiveCfg = Debug|Any CPU
		{FC91C563-C880-490E-9828-C242E589B340}.Debug|Any CPU.Build.0 = Debug|Any CPU
		{FC91C563-C880-490E-9828-C242E589B340}.Release|Any CPU.ActiveCfg = Release|Any CPU
		{FC91C563-C880-490E-9828-C242E589B340}.Release|Any CPU.Build.0 = Release|Any CPU
	EndGlobalSection
	GlobalSection(SolutionProperties) = preSolution
		HideSolutionNode = FALSE
	EndGlobalSection
	GlobalSection(ExtensibilityGlobals) = postSolution
		SolutionGuid = {68DC2AA9-99EC-4F4E-88F9-CD8097A1B1B9}
	EndGlobalSection
EndGlobal
